
Microsoft Visual Studio Solution File, Format Version 12.00
# Visual Studio Version 17
VisualStudioVersion = 17.3.32929.385
MinimumVisualStudioVersion = 10.0.40219.1
Project("{FAE04EC0-301F-11D3-BF4B-00C04F79EFBC}") = "WpfApp1", "WpfApp1\WpfApp1.csproj", "{F0A0E632-A9DD-49E0-B647-E0771E8D1D15}"
EndProject
Global
	GlobalSection(SolutionConfigurationPlatforms) = preSolution
		Debug|Any CPU = Debug|Any CPU
		Release|Any CPU = Release|Any CPU
	EndGlobalSection
	GlobalSection(ProjectConfigurationPlatforms) = postSolution
		{F0A0E632-A9DD-49E0-B647-E0771E8D1D15}.Debug|Any CPU.ActiveCfg = Debug|Any CPU
		{F0A0E632-A9DD-49E0-B647-E0771E8D1D15}.Debug|Any CPU.Build.0 = Debug|Any CPU
		{F0A0E632-A9DD-49E0-B647-E0771E8D1D15}.Release|Any CPU.ActiveCfg = Release|Any CPU
		{F0A0E632-A9DD-49E0-B647-E0771E8D1D15}.Release|Any CPU.Build.0 = Release|Any CPU
	EndGlobalSection
	GlobalSection(SolutionProperties) = preSolution
		HideSolutionNode = FALSE
	EndGlobalSection
	GlobalSection(ExtensibilityGlobals) = postSolution
		SolutionGuid = {23F1C1AA-7C72-4709-934A-797A10CDCACB}
	EndGlobalSection
EndGlobal
